
Microsoft Visual Studio Solution File, Format Version 12.00
# Visual Studio Version 16
VisualStudioVersion = 16.0.30907.101
MinimumVisualStudioVersion = 10.0.40219.1
Project("{FAE04EC0-301F-11D3-BF4B-00C04F79EFBC}") = "StudentManagement", "StudentManagement\StudentManagement.csproj", "{C88C5E13-BE49-425C-B369-6E9AA26FAADE}"
EndProject
Global
	GlobalSection(SolutionConfigurationPlatforms) = preSolution
		Debug|Any CPU = Debug|Any CPU
		Release|Any CPU = Release|Any CPU
	EndGlobalSection
	GlobalSection(ProjectConfigurationPlatforms) = postSolution
		{C88C5E13-BE49-425C-B369-6E9AA26FAADE}.Debug|Any CPU.ActiveCfg = Debug|Any CPU
		{C88C5E13-BE49-425C-B369-6E9AA26FAADE}.Debug|Any CPU.Build.0 = Debug|Any CPU
		{C88C5E13-BE49-425C-B369-6E9AA26FAADE}.Release|Any CPU.ActiveCfg = Release|Any CPU
		{C88C5E13-BE49-425C-B369-6E9AA26FAADE}.Release|Any CPU.Build.0 = Release|Any CPU
	EndGlobalSection
	GlobalSection(SolutionProperties) = preSolution
		HideSolutionNode = FALSE
	EndGlobalSection
	GlobalSection(ExtensibilityGlobals) = postSolution
		SolutionGuid = {DCF5A6C5-6031-47BA-9BA9-A520D424EBCF}
	EndGlobalSection
EndGlobal
